
Microsoft Visual Studio Solution File, Format Version 12.00
# Visual Studio 14
VisualStudioVersion = 14.0.25420.1
MinimumVisualStudioVersion = 10.0.40219.1
Project("{8BC9CEB8-8B4A-11D0-8D11-00A0C91BC942}") = "Q6.1", "Q6.1\Q6.1.vcxproj", "{EC0581ED-9491-48A1-82CB-D9BCCC596182}"
EndProject
Project("{8BC9CEB8-8B4A-11D0-8D11-00A0C91BC942}") = "Q6.2", "Q6.2\Q6.2.vcxproj", "{9163DECB-2ACA-4A62-BC99-F6585AD1FA0B}"
EndProject
Project("{8BC9CEB8-8B4A-11D0-8D11-00A0C91BC942}") = "Q6.3", "Q6.3\Q6.3.vcxproj", "{9E71E31E-8F5F-4FC1-A3C8-62D3EFA9468D}"
EndProject
Global
	GlobalSection(SolutionConfigurationPlatforms) = preSolution
		Debug|x64 = Debug|x64
		Debug|x86 = Debug|x86
		Release|x64 = Release|x64
		Release|x86 = Release|x86
	EndGlobalSection
	GlobalSection(ProjectConfigurationPlatforms) = postSolution
		{EC0581ED-9491-48A1-82CB-D9BCCC596182}.Debug|x64.ActiveCfg = Debug|x64
		{EC0581ED-9491-48A1-82CB-D9BCCC596182}.Debug|x64.Build.0 = Debug|x64
		{EC0581ED-9491-48A1-82CB-D9BCCC596182}.Debug|x86.ActiveCfg = Debug|Win32
		{EC0581ED-9491-48A1-82CB-D9BCCC596182}.Debug|x86.Build.0 = Debug|Win32
		{EC0581ED-9491-48A1-82CB-D9BCCC596182}.Release|x64.ActiveCfg = Release|x64
		{EC0581ED-9491-48A1-82CB-D9BCCC596182}.Release|x64.Build.0 = Release|x64
		{EC0581ED-9491-48A1-82CB-D9BCCC596182}.Release|x86.ActiveCfg = Release|Win32
		{EC0581ED-9491-48A1-82CB-D9BCCC596182}.Release|x86.Build.0 = Release|Win32
		{9163DECB-2ACA-4A62-BC99-F6585AD1FA0B}.Debug|x64.ActiveCfg = Debug|x64
		{9163DECB-2ACA-4A62-BC99-F6585AD1FA0B}.Debug|x64.Build.0 = Debug|x64
		{9163DECB-2ACA-4A62-BC99-F6585AD1FA0B}.Debug|x86.ActiveCfg = Debug|Win32
		{9163DECB-2ACA-4A62-BC99-F6585AD1FA0B}.Debug|x86.Build.0 = Debug|Win32
		{9163DECB-2ACA-4A62-BC99-F6585AD1FA0B}.Release|x64.ActiveCfg = Release|x64
		{9163DECB-2ACA-4A62-BC99-F6585AD1FA0B}.Release|x64.Build.0 = Release|x64
		{9163DECB-2ACA-4A62-BC99-F6585AD1FA0B}.Release|x86.ActiveCfg = Release|Win32
		{9163DECB-2ACA-4A62-BC99-F6585AD1FA0B}.Release|x86.Build.0 = Release|Win32
		{9E71E31E-8F5F-4FC1-A3C8-62D3EFA9468D}.Debug|x64.ActiveCfg = Debug|x64
		{9E71E31E-8F5F-4FC1-A3C8-62D3EFA9468D}.Debug|x64.Build.0 = Debug|x64
		{9E71E31E-8F5F-4FC1-A3C8-62D3EFA9468D}.Debug|x86.ActiveCfg = Debug|Win32
		{9E71E31E-8F5F-4FC1-A3C8-62D3EFA9468D}.Debug|x86.Build.0 = Debug|Win32
		{9E71E31E-8F5F-4FC1-A3C8-62D3EFA9468D}.Release|x64.ActiveCfg = Release|x64
		{9E71E31E-8F5F-4FC1-A3C8-62D3EFA9468D}.Release|x64.Build.0 = Release|x64
		{9E71E31E-8F5F-4FC1-A3C8-62D3EFA9468D}.Release|x86.ActiveCfg = Release|Win32
		{9E71E31E-8F5F-4FC1-A3C8-62D3EFA9468D}.Release|x86.Build.0 = Release|Win32
	EndGlobalSection
	GlobalSection(SolutionProperties) = preSolution
		HideSolutionNode = FALSE
	EndGlobalSection
EndGlobal
